
Microsoft Visual Studio Solution File, Format Version 12.00
# Visual Studio Version 16
VisualStudioVersion = 16.0.31402.337
MinimumVisualStudioVersion = 10.0.40219.1
Project("{FAE04EC0-301F-11D3-BF4B-00C04F79EFBC}") = "Staircase", "Staircase.csproj", "{04959A60-9DDC-4618-9C28-70E4B6A3E378}"
EndProject
Global
	GlobalSection(SolutionConfigurationPlatforms) = preSolution
		Debug|Any CPU = Debug|Any CPU
		Release|Any CPU = Release|Any CPU
	EndGlobalSection
	GlobalSection(ProjectConfigurationPlatforms) = postSolution
		{04959A60-9DDC-4618-9C28-70E4B6A3E378}.Debug|Any CPU.ActiveCfg = Debug|Any CPU
		{04959A60-9DDC-4618-9C28-70E4B6A3E378}.Debug|Any CPU.Build.0 = Debug|Any CPU
		{04959A60-9DDC-4618-9C28-70E4B6A3E378}.Release|Any CPU.ActiveCfg = Release|Any CPU
		{04959A60-9DDC-4618-9C28-70E4B6A3E378}.Release|Any CPU.Build.0 = Release|Any CPU
	EndGlobalSection
	GlobalSection(SolutionProperties) = preSolution
		HideSolutionNode = FALSE
	EndGlobalSection
	GlobalSection(ExtensibilityGlobals) = postSolution
		SolutionGuid = {3D74E18E-2AED-4801-A10E-3A4EA84798B1}
	EndGlobalSection
EndGlobal
